
Microsoft Visual Studio Solution File, Format Version 12.00
# Visual Studio Version 16
VisualStudioVersion = 16.0.29215.179
MinimumVisualStudioVersion = 10.0.40219.1
Project("{9A19103F-16F7-4668-BE54-9A1E7A4F7556}") = "Sample.Base.Core", "Sample.Base.Core\Sample.Base.Core.csproj", "{D695A118-3E04-4097-BAB4-A0A53A068DD3}"
EndProject
Project("{2150E333-8FDC-42A3-9474-1A3956D46DE8}") = "Solution Items", "Solution Items", "{382EF5C6-18A6-45B1-B8B5-DF8C16D9EE36}"
	ProjectSection(SolutionItems) = preProject
		README.md = README.md
	EndProjectSection
EndProject
Project("{FAE04EC0-301F-11D3-BF4B-00C04F79EFBC}") = "SampleConsoleProject", "SampleConsoleProject\SampleConsoleProject.csproj", "{28A7AF64-24B6-410F-9C83-48212FC841ED}"
EndProject
Global
	GlobalSection(SolutionConfigurationPlatforms) = preSolution
		Debug|Any CPU = Debug|Any CPU
		Release|Any CPU = Release|Any CPU
	EndGlobalSection
	GlobalSection(ProjectConfigurationPlatforms) = postSolution
		{D695A118-3E04-4097-BAB4-A0A53A068DD3}.Debug|Any CPU.ActiveCfg = Debug|Any CPU
		{D695A118-3E04-4097-BAB4-A0A53A068DD3}.Debug|Any CPU.Build.0 = Debug|Any CPU
		{D695A118-3E04-4097-BAB4-A0A53A068DD3}.Release|Any CPU.ActiveCfg = Release|Any CPU
		{D695A118-3E04-4097-BAB4-A0A53A068DD3}.Release|Any CPU.Build.0 = Release|Any CPU
		{28A7AF64-24B6-410F-9C83-48212FC841ED}.Debug|Any CPU.ActiveCfg = Debug|Any CPU
		{28A7AF64-24B6-410F-9C83-48212FC841ED}.Debug|Any CPU.Build.0 = Debug|Any CPU
		{28A7AF64-24B6-410F-9C83-48212FC841ED}.Release|Any CPU.ActiveCfg = Release|Any CPU
		{28A7AF64-24B6-410F-9C83-48212FC841ED}.Release|Any CPU.Build.0 = Release|Any CPU
	EndGlobalSection
	GlobalSection(SolutionProperties) = preSolution
		HideSolutionNode = FALSE
	EndGlobalSection
	GlobalSection(ExtensibilityGlobals) = postSolution
		SolutionGuid = {524C66EB-1AD8-4F73-8C39-48FF6B99CE5F}
	EndGlobalSection
EndGlobal
